// !$*UTF8*$!
{
	archiveVersion = 1;
	classes = {
	};
	objectVersion = 56;
	objects = {

/* Begin PBXBuildFile section */
		777534252B8F95F6006B9097 /* AnyTransition+ext.swift in Sources */ = {isa = PBXBuildFile; fileRef = AC2AD5322B8E92C600BC2183 /* AnyTransition+ext.swift */; };
		777534262B8F95F8006B9097 /* UIApplication+ext.swift in Sources */ = {isa = PBXBuildFile; fileRef = AC2AD5412B8EA7C900BC2183 /* UIApplication+ext.swift */; };
		77ADA40F2B8E76DC0073A410 /* GameVoteView.swift in Sources */ = {isa = PBXBuildFile; fileRef = 77ADA40E2B8E76DC0073A410 /* GameVoteView.swift */; };
		77AFB5642B8EA213000AB92E /* response_medium.json in Resources */ = {isa = PBXBuildFile; fileRef = 77AFB5602B8EA19E000AB92E /* response_medium.json */; };
		77AFB5652B8EA216000AB92E /* response_hard.json in Resources */ = {isa = PBXBuildFile; fileRef = 77AFB5622B8EA1A9000AB92E /* response_hard.json */; };
		77AFB5662B8EA218000AB92E /* response_easy.json in Resources */ = {isa = PBXBuildFile; fileRef = 77C724492B8BCF0200FB9D71 /* response_easy.json */; };
		77C724432B8BA12300FB9D71 /* NetworkService.swift in Sources */ = {isa = PBXBuildFile; fileRef = 77C724422B8BA12300FB9D71 /* NetworkService.swift */; };
		77C724462B8BA3AC00FB9D71 /* Entity.swift in Sources */ = {isa = PBXBuildFile; fileRef = 77C724452B8BA3AC00FB9D71 /* Entity.swift */; };
		77C724482B8BCED200FB9D71 /* GameView.swift in Sources */ = {isa = PBXBuildFile; fileRef = 77C724472B8BCED200FB9D71 /* GameView.swift */; };
		77C7244D2B8BD17400FB9D71 /* GameService.swift in Sources */ = {isa = PBXBuildFile; fileRef = 77C7244C2B8BD17400FB9D71 /* GameService.swift */; };
		77F4A2FE2B8CE46A00E2289A /* GameStore.swift in Sources */ = {isa = PBXBuildFile; fileRef = 77F4A2FD2B8CE46A00E2289A /* GameStore.swift */; };
		77F4A3022B8D391700E2289A /* QuestionsListView.swift in Sources */ = {isa = PBXBuildFile; fileRef = 77F4A3012B8D391700E2289A /* QuestionsListView.swift */; };
		77F7F5922B8BD66E00C355F6 /* NetworkServiceMock.swift in Sources */ = {isa = PBXBuildFile; fileRef = 77F7F5912B8BD66E00C355F6 /* NetworkServiceMock.swift */; };
		AC2AD4BD2B8B96E100BC2183 /* win.mp3 in Resources */ = {isa = PBXBuildFile; fileRef = AC2AD4B82B8B96E100BC2183 /* win.mp3 */; };
		AC2AD4BE2B8B96E100BC2183 /* lose.mp3 in Resources */ = {isa = PBXBuildFile; fileRef = AC2AD4B92B8B96E100BC2183 /* lose.mp3 */; };
		AC2AD4BF2B8B96E100BC2183 /* intrigue.mp3 in Resources */ = {isa = PBXBuildFile; fileRef = AC2AD4BA2B8B96E100BC2183 /* intrigue.mp3 */; };
		AC2AD4C02B8B96E100BC2183 /* millionwin.mp3 in Resources */ = {isa = PBXBuildFile; fileRef = AC2AD4BB2B8B96E100BC2183 /* millionwin.mp3 */; };
		AC2AD4C12B8B96E100BC2183 /* thinking.mp3 in Resources */ = {isa = PBXBuildFile; fileRef = AC2AD4BC2B8B96E100BC2183 /* thinking.mp3 */; };
		AC2AD4E72B8CA07100BC2183 /* Images.swift in Sources */ = {isa = PBXBuildFile; fileRef = AC2AD4E62B8CA07100BC2183 /* Images.swift */; };
		AC2AD4EA2B8CA07C00BC2183 /* UserDeafaultsService.swift in Sources */ = {isa = PBXBuildFile; fileRef = AC2AD4E92B8CA07C00BC2183 /* UserDeafaultsService.swift */; };
		AC2AD4EC2B8CA09200BC2183 /* SplashView.swift in Sources */ = {isa = PBXBuildFile; fileRef = AC2AD4EB2B8CA09200BC2183 /* SplashView.swift */; };
		AC2AD4EF2B8CA0A900BC2183 /* Image+ext.swift in Sources */ = {isa = PBXBuildFile; fileRef = AC2AD4EE2B8CA0A900BC2183 /* Image+ext.swift */; };
		AC2AD4F22B8CA0CD00BC2183 /* Background.swift in Sources */ = {isa = PBXBuildFile; fileRef = AC2AD4F12B8CA0CD00BC2183 /* Background.swift */; };
		AC2AD4F42B8CA10600BC2183 /* SoundService.swift in Sources */ = {isa = PBXBuildFile; fileRef = AC2AD4F32B8CA10600BC2183 /* SoundService.swift */; };
		AC2AD4F82B8CA34700BC2183 /* QuestionPlank.swift in Sources */ = {isa = PBXBuildFile; fileRef = AC2AD4F72B8CA34700BC2183 /* QuestionPlank.swift */; };
		AC2AD4FA2B8CA63D00BC2183 /* Gradients.swift in Sources */ = {isa = PBXBuildFile; fileRef = AC2AD4F92B8CA63D00BC2183 /* Gradients.swift */; };
		AC2AD4FD2B8CAB8500BC2183 /* ProgressPlankModel.swift in Sources */ = {isa = PBXBuildFile; fileRef = AC2AD4FC2B8CAB8500BC2183 /* ProgressPlankModel.swift */; };
		AC2AD5012B8CB69900BC2183 /* EndGameView.swift in Sources */ = {isa = PBXBuildFile; fileRef = AC2AD5002B8CB69900BC2183 /* EndGameView.swift */; };
		AC2AD5032B8CBD9B00BC2183 /* LightAnimation.swift in Sources */ = {isa = PBXBuildFile; fileRef = AC2AD5022B8CBD9B00BC2183 /* LightAnimation.swift */; };
		AC2AD5052B8CE9E500BC2183 /* CoinAnumatableProperties.swift in Sources */ = {isa = PBXBuildFile; fileRef = AC2AD5042B8CE9E500BC2183 /* CoinAnumatableProperties.swift */; };
		AC2AD5082B8CEA4B00BC2183 /* CoinAnimationModel.swift in Sources */ = {isa = PBXBuildFile; fileRef = AC2AD5072B8CEA4B00BC2183 /* CoinAnimationModel.swift */; };
		AC2AD50A2B8CEABA00BC2183 /* CoinsView.swift in Sources */ = {isa = PBXBuildFile; fileRef = AC2AD5092B8CEABA00BC2183 /* CoinsView.swift */; };
		AC2AD50C2B8CEE0000BC2183 /* RegistrationView.swift in Sources */ = {isa = PBXBuildFile; fileRef = AC2AD50B2B8CEE0000BC2183 /* RegistrationView.swift */; };
		AC2AD50E2B8CF24500BC2183 /* PlayerTF.swift in Sources */ = {isa = PBXBuildFile; fileRef = AC2AD50D2B8CF24500BC2183 /* PlayerTF.swift */; };
		AC2AD5352B8E9A0F00BC2183 /* RulesView.swift in Sources */ = {isa = PBXBuildFile; fileRef = AC2AD5342B8E9A0F00BC2183 /* RulesView.swift */; };
		AC2AD5392B8E9A3500BC2183 /* ResultsView.swift in Sources */ = {isa = PBXBuildFile; fileRef = AC2AD5382B8E9A3500BC2183 /* ResultsView.swift */; };
		AC2AD53C2B8E9B1B00BC2183 /* MenuButton.swift in Sources */ = {isa = PBXBuildFile; fileRef = AC2AD53B2B8E9B1B00BC2183 /* MenuButton.swift */; };
		AC2AD5402B8EA29F00BC2183 /* DismissBtn.swift in Sources */ = {isa = PBXBuildFile; fileRef = AC2AD53F2B8EA29F00BC2183 /* DismissBtn.swift */; };
		DEB2B3FB2B8B84320062B649 /* Who_Wants_to_Be_a_Millionaire_App.swift in Sources */ = {isa = PBXBuildFile; fileRef = DEB2B3FA2B8B84320062B649 /* Who_Wants_to_Be_a_Millionaire_App.swift */; };
		DEB2B3FD2B8B84320062B649 /* ContentView.swift in Sources */ = {isa = PBXBuildFile; fileRef = DEB2B3FC2B8B84320062B649 /* ContentView.swift */; };
		DEB2B3FF2B8B84350062B649 /* Assets.xcassets in Resources */ = {isa = PBXBuildFile; fileRef = DEB2B3FE2B8B84350062B649 /* Assets.xcassets */; };
		DEB2B4022B8B84350062B649 /* Preview Assets.xcassets in Resources */ = {isa = PBXBuildFile; fileRef = DEB2B4012B8B84350062B649 /* Preview Assets.xcassets */; };
		DEB2B40B2B8B9C9C0062B649 /* MenuView.swift in Sources */ = {isa = PBXBuildFile; fileRef = DEB2B40A2B8B9C9C0062B649 /* MenuView.swift */; };
/* End PBXBuildFile section */

/* Begin PBXFileReference section */
		77ADA40E2B8E76DC0073A410 /* GameVoteView.swift */ = {isa = PBXFileReference; lastKnownFileType = sourcecode.swift; path = GameVoteView.swift; sourceTree = "<group>"; };
		77AFB5602B8EA19E000AB92E /* response_medium.json */ = {isa = PBXFileReference; lastKnownFileType = text.json; path = response_medium.json; sourceTree = "<group>"; };
		77AFB5622B8EA1A9000AB92E /* response_hard.json */ = {isa = PBXFileReference; lastKnownFileType = text.json; path = response_hard.json; sourceTree = "<group>"; };
		77C724422B8BA12300FB9D71 /* NetworkService.swift */ = {isa = PBXFileReference; lastKnownFileType = sourcecode.swift; path = NetworkService.swift; sourceTree = "<group>"; };
		77C724452B8BA3AC00FB9D71 /* Entity.swift */ = {isa = PBXFileReference; lastKnownFileType = sourcecode.swift; path = Entity.swift; sourceTree = "<group>"; };
		77C724472B8BCED200FB9D71 /* GameView.swift */ = {isa = PBXFileReference; lastKnownFileType = sourcecode.swift; path = GameView.swift; sourceTree = "<group>"; };
		77C724492B8BCF0200FB9D71 /* response_easy.json */ = {isa = PBXFileReference; lastKnownFileType = text.json; path = response_easy.json; sourceTree = "<group>"; };
		77C7244C2B8BD17400FB9D71 /* GameService.swift */ = {isa = PBXFileReference; lastKnownFileType = sourcecode.swift; path = GameService.swift; sourceTree = "<group>"; };
		77F4A2FD2B8CE46A00E2289A /* GameStore.swift */ = {isa = PBXFileReference; lastKnownFileType = sourcecode.swift; path = GameStore.swift; sourceTree = "<group>"; };
		77F4A3012B8D391700E2289A /* QuestionsListView.swift */ = {isa = PBXFileReference; lastKnownFileType = sourcecode.swift; path = QuestionsListView.swift; sourceTree = "<group>"; };
		77F7F5912B8BD66E00C355F6 /* NetworkServiceMock.swift */ = {isa = PBXFileReference; lastKnownFileType = sourcecode.swift; path = NetworkServiceMock.swift; sourceTree = "<group>"; };
		AC2AD4B82B8B96E100BC2183 /* win.mp3 */ = {isa = PBXFileReference; lastKnownFileType = audio.mp3; path = win.mp3; sourceTree = "<group>"; };
		AC2AD4B92B8B96E100BC2183 /* lose.mp3 */ = {isa = PBXFileReference; lastKnownFileType = audio.mp3; path = lose.mp3; sourceTree = "<group>"; };
		AC2AD4BA2B8B96E100BC2183 /* intrigue.mp3 */ = {isa = PBXFileReference; lastKnownFileType = audio.mp3; path = intrigue.mp3; sourceTree = "<group>"; };
		AC2AD4BB2B8B96E100BC2183 /* millionwin.mp3 */ = {isa = PBXFileReference; lastKnownFileType = audio.mp3; path = millionwin.mp3; sourceTree = "<group>"; };
		AC2AD4BC2B8B96E100BC2183 /* thinking.mp3 */ = {isa = PBXFileReference; lastKnownFileType = audio.mp3; path = thinking.mp3; sourceTree = "<group>"; };
		AC2AD4E62B8CA07100BC2183 /* Images.swift */ = {isa = PBXFileReference; fileEncoding = 4; lastKnownFileType = sourcecode.swift; path = Images.swift; sourceTree = "<group>"; };
		AC2AD4E92B8CA07C00BC2183 /* UserDeafaultsService.swift */ = {isa = PBXFileReference; fileEncoding = 4; lastKnownFileType = sourcecode.swift; path = UserDeafaultsService.swift; sourceTree = "<group>"; };
		AC2AD4EB2B8CA09200BC2183 /* SplashView.swift */ = {isa = PBXFileReference; fileEncoding = 4; lastKnownFileType = sourcecode.swift; name = SplashView.swift; path = "Who Wants to Be a Millionaire?/Screens/SplashView.swift"; sourceTree = SOURCE_ROOT; };
		AC2AD4EE2B8CA0A900BC2183 /* Image+ext.swift */ = {isa = PBXFileReference; fileEncoding = 4; lastKnownFileType = sourcecode.swift; path = "Image+ext.swift"; sourceTree = "<group>"; };
		AC2AD4F12B8CA0CD00BC2183 /* Background.swift */ = {isa = PBXFileReference; fileEncoding = 4; lastKnownFileType = sourcecode.swift; path = Background.swift; sourceTree = "<group>"; };
		AC2AD4F32B8CA10600BC2183 /* SoundService.swift */ = {isa = PBXFileReference; fileEncoding = 4; lastKnownFileType = sourcecode.swift; path = SoundService.swift; sourceTree = "<group>"; };
		AC2AD4F72B8CA34700BC2183 /* QuestionPlank.swift */ = {isa = PBXFileReference; lastKnownFileType = sourcecode.swift; path = QuestionPlank.swift; sourceTree = "<group>"; };
		AC2AD4F92B8CA63D00BC2183 /* Gradients.swift */ = {isa = PBXFileReference; lastKnownFileType = sourcecode.swift; path = Gradients.swift; sourceTree = "<group>"; };
		AC2AD4FC2B8CAB8500BC2183 /* ProgressPlankModel.swift */ = {isa = PBXFileReference; lastKnownFileType = sourcecode.swift; path = ProgressPlankModel.swift; sourceTree = "<group>"; };
		AC2AD5002B8CB69900BC2183 /* EndGameView.swift */ = {isa = PBXFileReference; lastKnownFileType = sourcecode.swift; path = EndGameView.swift; sourceTree = "<group>"; };
		AC2AD5022B8CBD9B00BC2183 /* LightAnimation.swift */ = {isa = PBXFileReference; lastKnownFileType = sourcecode.swift; path = LightAnimation.swift; sourceTree = "<group>"; };
		AC2AD5042B8CE9E500BC2183 /* CoinAnumatableProperties.swift */ = {isa = PBXFileReference; lastKnownFileType = sourcecode.swift; path = CoinAnumatableProperties.swift; sourceTree = "<group>"; };
		AC2AD5072B8CEA4B00BC2183 /* CoinAnimationModel.swift */ = {isa = PBXFileReference; lastKnownFileType = sourcecode.swift; path = CoinAnimationModel.swift; sourceTree = "<group>"; };
		AC2AD5092B8CEABA00BC2183 /* CoinsView.swift */ = {isa = PBXFileReference; lastKnownFileType = sourcecode.swift; path = CoinsView.swift; sourceTree = "<group>"; };
		AC2AD50B2B8CEE0000BC2183 /* RegistrationView.swift */ = {isa = PBXFileReference; lastKnownFileType = sourcecode.swift; path = RegistrationView.swift; sourceTree = "<group>"; };
		AC2AD50D2B8CF24500BC2183 /* PlayerTF.swift */ = {isa = PBXFileReference; lastKnownFileType = sourcecode.swift; path = PlayerTF.swift; sourceTree = "<group>"; };
		AC2AD5322B8E92C600BC2183 /* AnyTransition+ext.swift */ = {isa = PBXFileReference; lastKnownFileType = sourcecode.swift; path = "AnyTransition+ext.swift"; sourceTree = "<group>"; };
		AC2AD5342B8E9A0F00BC2183 /* RulesView.swift */ = {isa = PBXFileReference; lastKnownFileType = sourcecode.swift; path = RulesView.swift; sourceTree = "<group>"; };
		AC2AD5382B8E9A3500BC2183 /* ResultsView.swift */ = {isa = PBXFileReference; lastKnownFileType = sourcecode.swift; path = ResultsView.swift; sourceTree = "<group>"; };
		AC2AD53B2B8E9B1B00BC2183 /* MenuButton.swift */ = {isa = PBXFileReference; lastKnownFileType = sourcecode.swift; path = MenuButton.swift; sourceTree = "<group>"; };
		AC2AD53F2B8EA29F00BC2183 /* DismissBtn.swift */ = {isa = PBXFileReference; lastKnownFileType = sourcecode.swift; path = DismissBtn.swift; sourceTree = "<group>"; };
		AC2AD5412B8EA7C900BC2183 /* UIApplication+ext.swift */ = {isa = PBXFileReference; lastKnownFileType = sourcecode.swift; path = "UIApplication+ext.swift"; sourceTree = "<group>"; };
		DEB2B3F72B8B84320062B649 /* Who Wants to Be a Millionaire?.app */ = {isa = PBXFileReference; explicitFileType = wrapper.application; includeInIndex = 0; path = "Who Wants to Be a Millionaire?.app"; sourceTree = BUILT_PRODUCTS_DIR; };
		DEB2B3FA2B8B84320062B649 /* Who_Wants_to_Be_a_Millionaire_App.swift */ = {isa = PBXFileReference; lastKnownFileType = sourcecode.swift; path = Who_Wants_to_Be_a_Millionaire_App.swift; sourceTree = "<group>"; };
		DEB2B3FC2B8B84320062B649 /* ContentView.swift */ = {isa = PBXFileReference; lastKnownFileType = sourcecode.swift; path = ContentView.swift; sourceTree = "<group>"; };
		DEB2B3FE2B8B84350062B649 /* Assets.xcassets */ = {isa = PBXFileReference; lastKnownFileType = folder.assetcatalog; path = Assets.xcassets; sourceTree = "<group>"; };
		DEB2B4012B8B84350062B649 /* Preview Assets.xcassets */ = {isa = PBXFileReference; lastKnownFileType = folder.assetcatalog; path = "Preview Assets.xcassets"; sourceTree = "<group>"; };
		DEB2B40A2B8B9C9C0062B649 /* MenuView.swift */ = {isa = PBXFileReference; lastKnownFileType = sourcecode.swift; path = MenuView.swift; sourceTree = "<group>"; };
/* End PBXFileReference section */

/* Begin PBXFrameworksBuildPhase section */
		DEB2B3F42B8B84320062B649 /* Frameworks */ = {
			isa = PBXFrameworksBuildPhase;
			buildActionMask = 2147483647;
			files = (
			);
			runOnlyForDeploymentPostprocessing = 0;
		};
/* End PBXFrameworksBuildPhase section */

/* Begin PBXGroup section */
		77C724442B8BA37100FB9D71 /* Network */ = {
			isa = PBXGroup;
			children = (
				77C724422B8BA12300FB9D71 /* NetworkService.swift */,
				77F7F5912B8BD66E00C355F6 /* NetworkServiceMock.swift */,
				77C724452B8BA3AC00FB9D71 /* Entity.swift */,
				77C724492B8BCF0200FB9D71 /* response_easy.json */,
				77AFB5602B8EA19E000AB92E /* response_medium.json */,
				77AFB5622B8EA1A9000AB92E /* response_hard.json */,
			);
			path = Network;
			sourceTree = "<group>";
		};
		77F4A2FC2B8CE44800E2289A /* Game */ = {
			isa = PBXGroup;
			children = (
				77C7244C2B8BD17400FB9D71 /* GameService.swift */,
				77C724472B8BCED200FB9D71 /* GameView.swift */,
				77F4A3012B8D391700E2289A /* QuestionsListView.swift */,
				77ADA40E2B8E76DC0073A410 /* GameVoteView.swift */,
				77F4A2FD2B8CE46A00E2289A /* GameStore.swift */,
			);
			path = Game;
			sourceTree = "<group>";
		};
		AC2AD4B42B8B930000BC2183 /* Resources */ = {
			isa = PBXGroup;
			children = (
				AC2AD4E62B8CA07100BC2183 /* Images.swift */,
				AC2AD4F92B8CA63D00BC2183 /* Gradients.swift */,
				AC2AD4B52B8B931600BC2183 /* Sounds */,
			);
			path = Resources;
			sourceTree = "<group>";
		};
		AC2AD4B52B8B931600BC2183 /* Sounds */ = {
			isa = PBXGroup;
			children = (
				AC2AD4F32B8CA10600BC2183 /* SoundService.swift */,
				AC2AD4BA2B8B96E100BC2183 /* intrigue.mp3 */,
				AC2AD4B92B8B96E100BC2183 /* lose.mp3 */,
				AC2AD4BB2B8B96E100BC2183 /* millionwin.mp3 */,
				AC2AD4BC2B8B96E100BC2183 /* thinking.mp3 */,
				AC2AD4B82B8B96E100BC2183 /* win.mp3 */,
			);
			path = Sounds;
			sourceTree = "<group>";
		};
		AC2AD4E82B8CA07C00BC2183 /* UserDefaults */ = {
			isa = PBXGroup;
			children = (
				AC2AD4E92B8CA07C00BC2183 /* UserDeafaultsService.swift */,
			);
			path = UserDefaults;
			sourceTree = "<group>";
		};
		AC2AD4ED2B8CA0A900BC2183 /* Extensions */ = {
			isa = PBXGroup;
			children = (
				AC2AD4EE2B8CA0A900BC2183 /* Image+ext.swift */,
				AC2AD5412B8EA7C900BC2183 /* UIApplication+ext.swift */,
				AC2AD5322B8E92C600BC2183 /* AnyTransition+ext.swift */,
			);
			name = Extensions;
			path = "Who Wants to Be a Millionaire?/Extensions";
			sourceTree = SOURCE_ROOT;
		};
		AC2AD4F02B8CA0CD00BC2183 /* Components */ = {
			isa = PBXGroup;
			children = (
				AC2AD4F12B8CA0CD00BC2183 /* Background.swift */,
				AC2AD53F2B8EA29F00BC2183 /* DismissBtn.swift */,
				AC2AD5022B8CBD9B00BC2183 /* LightAnimation.swift */,
				AC2AD5092B8CEABA00BC2183 /* CoinsView.swift */,
				AC2AD4F72B8CA34700BC2183 /* QuestionPlank.swift */,
				AC2AD50D2B8CF24500BC2183 /* PlayerTF.swift */,
				AC2AD53B2B8E9B1B00BC2183 /* MenuButton.swift */,
			);
			name = Components;
			path = "Who Wants to Be a Millionaire?/Components";
			sourceTree = SOURCE_ROOT;
		};
		AC2AD4FB2B8CAAFF00BC2183 /* Models */ = {
			isa = PBXGroup;
			children = (
				AC2AD4FC2B8CAB8500BC2183 /* ProgressPlankModel.swift */,
				AC2AD5072B8CEA4B00BC2183 /* CoinAnimationModel.swift */,
				AC2AD5042B8CE9E500BC2183 /* CoinAnumatableProperties.swift */,
			);
			path = Models;
			sourceTree = "<group>";
		};
		DEB2B3EE2B8B84320062B649 = {
			isa = PBXGroup;
			children = (
				DEB2B3F92B8B84320062B649 /* Who Wants to Be a Millionaire? */,
				DEB2B3F82B8B84320062B649 /* Products */,
			);
			sourceTree = "<group>";
		};
		DEB2B3F82B8B84320062B649 /* Products */ = {
			isa = PBXGroup;
			children = (
				DEB2B3F72B8B84320062B649 /* Who Wants to Be a Millionaire?.app */,
			);
			name = Products;
			sourceTree = "<group>";
		};
		DEB2B3F92B8B84320062B649 /* Who Wants to Be a Millionaire? */ = {
			isa = PBXGroup;
			children = (
				DEB2B3FA2B8B84320062B649 /* Who_Wants_to_Be_a_Millionaire_App.swift */,
				DEB2B3FC2B8B84320062B649 /* ContentView.swift */,
				DEB2B4082B8B9C760062B649 /* Screens */,
				AC2AD4F02B8CA0CD00BC2183 /* Components */,
				AC2AD4FB2B8CAAFF00BC2183 /* Models */,
				AC2AD4E82B8CA07C00BC2183 /* UserDefaults */,
				77C724442B8BA37100FB9D71 /* Network */,
				AC2AD4ED2B8CA0A900BC2183 /* Extensions */,
				AC2AD4B42B8B930000BC2183 /* Resources */,
				DEB2B3FE2B8B84350062B649 /* Assets.xcassets */,
				DEB2B4002B8B84350062B649 /* Preview Content */,
			);
			path = "Who Wants to Be a Millionaire?";
			sourceTree = "<group>";
		};
		DEB2B4002B8B84350062B649 /* Preview Content */ = {
			isa = PBXGroup;
			children = (
				DEB2B4012B8B84350062B649 /* Preview Assets.xcassets */,
			);
			path = "Preview Content";
			sourceTree = "<group>";
		};
		DEB2B4082B8B9C760062B649 /* Screens */ = {
			isa = PBXGroup;
			children = (
				AC2AD4EB2B8CA09200BC2183 /* SplashView.swift */,
				AC2AD50B2B8CEE0000BC2183 /* RegistrationView.swift */,
				DEB2B4092B8B9C8A0062B649 /* Menu */,
				77F4A2FC2B8CE44800E2289A /* Game */,
				AC2AD5002B8CB69900BC2183 /* EndGameView.swift */,
			);
			path = Screens;
			sourceTree = "<group>";
		};
		DEB2B4092B8B9C8A0062B649 /* Menu */ = {
			isa = PBXGroup;
			children = (
				DEB2B40A2B8B9C9C0062B649 /* MenuView.swift */,
				AC2AD5382B8E9A3500BC2183 /* ResultsView.swift */,
				AC2AD5342B8E9A0F00BC2183 /* RulesView.swift */,
			);
			path = Menu;
			sourceTree = "<group>";
		};
/* End PBXGroup section */

/* Begin PBXNativeTarget section */
		DEB2B3F62B8B84320062B649 /* Who Wants to Be a Millionaire? */ = {
			isa = PBXNativeTarget;
			buildConfigurationList = DEB2B4052B8B84350062B649 /* Build configuration list for PBXNativeTarget "Who Wants to Be a Millionaire?" */;
			buildPhases = (
				DEB2B3F32B8B84320062B649 /* Sources */,
				DEB2B3F42B8B84320062B649 /* Frameworks */,
				DEB2B3F52B8B84320062B649 /* Resources */,
			);
			buildRules = (
			);
			dependencies = (
			);
			name = "Who Wants to Be a Millionaire?";
			productName = "Who Wants to Be a Millionaire?";
			productReference = DEB2B3F72B8B84320062B649 /* Who Wants to Be a Millionaire?.app */;
			productType = "com.apple.product-type.application";
		};
/* End PBXNativeTarget section */

/* Begin PBXProject section */
		DEB2B3EF2B8B84320062B649 /* Project object */ = {
			isa = PBXProject;
			attributes = {
				BuildIndependentTargetsInParallel = 1;
				LastSwiftUpdateCheck = 1520;
				LastUpgradeCheck = 1520;
				TargetAttributes = {
					DEB2B3F62B8B84320062B649 = {
						CreatedOnToolsVersion = 15.2;
					};
				};
			};
			buildConfigurationList = DEB2B3F22B8B84320062B649 /* Build configuration list for PBXProject "Who Wants to Be a Millionaire?" */;
			compatibilityVersion = "Xcode 14.0";
			developmentRegion = en;
			hasScannedForEncodings = 0;
			knownRegions = (
				en,
				Base,
			);
			mainGroup = DEB2B3EE2B8B84320062B649;
			productRefGroup = DEB2B3F82B8B84320062B649 /* Products */;
			projectDirPath = "";
			projectRoot = "";
			targets = (
				DEB2B3F62B8B84320062B649 /* Who Wants to Be a Millionaire? */,
			);
		};
/* End PBXProject section */

/* Begin PBXResourcesBuildPhase section */
		DEB2B3F52B8B84320062B649 /* Resources */ = {
			isa = PBXResourcesBuildPhase;
			buildActionMask = 2147483647;
			files = (
				AC2AD4BD2B8B96E100BC2183 /* win.mp3 in Resources */,
				AC2AD4BE2B8B96E100BC2183 /* lose.mp3 in Resources */,
				DEB2B4022B8B84350062B649 /* Preview Assets.xcassets in Resources */,
				DEB2B3FF2B8B84350062B649 /* Assets.xcassets in Resources */,
				AC2AD4C12B8B96E100BC2183 /* thinking.mp3 in Resources */,
				AC2AD4BF2B8B96E100BC2183 /* intrigue.mp3 in Resources */,
				77AFB5662B8EA218000AB92E /* response_easy.json in Resources */,
				77AFB5652B8EA216000AB92E /* response_hard.json in Resources */,
				77AFB5642B8EA213000AB92E /* response_medium.json in Resources */,
				AC2AD4C02B8B96E100BC2183 /* millionwin.mp3 in Resources */,
			);
			runOnlyForDeploymentPostprocessing = 0;
		};
/* End PBXResourcesBuildPhase section */

/* Begin PBXSourcesBuildPhase section */
		DEB2B3F32B8B84320062B649 /* Sources */ = {
			isa = PBXSourcesBuildPhase;
			buildActionMask = 2147483647;
			files = (
				AC2AD4F22B8CA0CD00BC2183 /* Background.swift in Sources */,
				AC2AD50E2B8CF24500BC2183 /* PlayerTF.swift in Sources */,
				AC2AD4E72B8CA07100BC2183 /* Images.swift in Sources */,
				DEB2B3FD2B8B84320062B649 /* ContentView.swift in Sources */,
				DEB2B40B2B8B9C9C0062B649 /* MenuView.swift in Sources */,
				AC2AD4FA2B8CA63D00BC2183 /* Gradients.swift in Sources */,
				AC2AD5032B8CBD9B00BC2183 /* LightAnimation.swift in Sources */,
				AC2AD4F82B8CA34700BC2183 /* QuestionPlank.swift in Sources */,
				AC2AD5082B8CEA4B00BC2183 /* CoinAnimationModel.swift in Sources */,
				77F7F5922B8BD66E00C355F6 /* NetworkServiceMock.swift in Sources */,
				77ADA40F2B8E76DC0073A410 /* GameVoteView.swift in Sources */,
				77F4A2FE2B8CE46A00E2289A /* GameStore.swift in Sources */,
				DEB2B3FD2B8B84320062B649 /* ContentView.swift in Sources */,
				777534252B8F95F6006B9097 /* AnyTransition+ext.swift in Sources */,
				77C7244D2B8BD17400FB9D71 /* GameService.swift in Sources */,
				77C724432B8BA12300FB9D71 /* NetworkService.swift in Sources */,
				AC2AD5402B8EA29F00BC2183 /* DismissBtn.swift in Sources */,
				AC2AD5352B8E9A0F00BC2183 /* RulesView.swift in Sources */,
				AC2AD50C2B8CEE0000BC2183 /* RegistrationView.swift in Sources */,
				AC2AD5052B8CE9E500BC2183 /* CoinAnumatableProperties.swift in Sources */,
				AC2AD4EF2B8CA0A900BC2183 /* Image+ext.swift in Sources */,
				AC2AD5012B8CB69900BC2183 /* EndGameView.swift in Sources */,
				777534262B8F95F8006B9097 /* UIApplication+ext.swift in Sources */,
				DEB2B3FB2B8B84320062B649 /* Who_Wants_to_Be_a_Millionaire_App.swift in Sources */,
				AC2AD4EA2B8CA07C00BC2183 /* UserDeafaultsService.swift in Sources */,
				77F4A3022B8D391700E2289A /* QuestionsListView.swift in Sources */,
				AC2AD4F42B8CA10600BC2183 /* SoundService.swift in Sources */,
				AC2AD53C2B8E9B1B00BC2183 /* MenuButton.swift in Sources */,
				AC2AD50A2B8CEABA00BC2183 /* CoinsView.swift in Sources */,
				77C724482B8BCED200FB9D71 /* GameView.swift in Sources */,
				77C724462B8BA3AC00FB9D71 /* Entity.swift in Sources */,
				AC2AD5392B8E9A3500BC2183 /* ResultsView.swift in Sources */,
				AC2AD4FD2B8CAB8500BC2183 /* ProgressPlankModel.swift in Sources */,
				AC2AD4EC2B8CA09200BC2183 /* SplashView.swift in Sources */,
			);
			runOnlyForDeploymentPostprocessing = 0;
		};
/* End PBXSourcesBuildPhase section */

/* Begin XCBuildConfiguration section */
		DEB2B4032B8B84350062B649 /* Debug */ = {
			isa = XCBuildConfiguration;
			buildSettings = {
				ALWAYS_SEARCH_USER_PATHS = NO;
				ASSETCATALOG_COMPILER_GENERATE_SWIFT_ASSET_SYMBOL_EXTENSIONS = YES;
				CLANG_ANALYZER_NONNULL = YES;
				CLANG_ANALYZER_NUMBER_OBJECT_CONVERSION = YES_AGGRESSIVE;
				CLANG_CXX_LANGUAGE_STANDARD = "gnu++20";
				CLANG_ENABLE_MODULES = YES;
				CLANG_ENABLE_OBJC_ARC = YES;
				CLANG_ENABLE_OBJC_WEAK = YES;
				CLANG_WARN_BLOCK_CAPTURE_AUTORELEASING = YES;
				CLANG_WARN_BOOL_CONVERSION = YES;
				CLANG_WARN_COMMA = YES;
				CLANG_WARN_CONSTANT_CONVERSION = YES;
				CLANG_WARN_DEPRECATED_OBJC_IMPLEMENTATIONS = YES;
				CLANG_WARN_DIRECT_OBJC_ISA_USAGE = YES_ERROR;
				CLANG_WARN_DOCUMENTATION_COMMENTS = YES;
				CLANG_WARN_EMPTY_BODY = YES;
				CLANG_WARN_ENUM_CONVERSION = YES;
				CLANG_WARN_INFINITE_RECURSION = YES;
				CLANG_WARN_INT_CONVERSION = YES;
				CLANG_WARN_NON_LITERAL_NULL_CONVERSION = YES;
				CLANG_WARN_OBJC_IMPLICIT_RETAIN_SELF = YES;
				CLANG_WARN_OBJC_LITERAL_CONVERSION = YES;
				CLANG_WARN_OBJC_ROOT_CLASS = YES_ERROR;
				CLANG_WARN_QUOTED_INCLUDE_IN_FRAMEWORK_HEADER = YES;
				CLANG_WARN_RANGE_LOOP_ANALYSIS = YES;
				CLANG_WARN_STRICT_PROTOTYPES = YES;
				CLANG_WARN_SUSPICIOUS_MOVE = YES;
				CLANG_WARN_UNGUARDED_AVAILABILITY = YES_AGGRESSIVE;
				CLANG_WARN_UNREACHABLE_CODE = YES;
				CLANG_WARN__DUPLICATE_METHOD_MATCH = YES;
				COPY_PHASE_STRIP = NO;
				DEBUG_INFORMATION_FORMAT = dwarf;
				ENABLE_STRICT_OBJC_MSGSEND = YES;
				ENABLE_TESTABILITY = YES;
				ENABLE_USER_SCRIPT_SANDBOXING = YES;
				GCC_C_LANGUAGE_STANDARD = gnu17;
				GCC_DYNAMIC_NO_PIC = NO;
				GCC_NO_COMMON_BLOCKS = YES;
				GCC_OPTIMIZATION_LEVEL = 0;
				GCC_PREPROCESSOR_DEFINITIONS = (
					"DEBUG=1",
					"$(inherited)",
				);
				GCC_WARN_64_TO_32_BIT_CONVERSION = YES;
				GCC_WARN_ABOUT_RETURN_TYPE = YES_ERROR;
				GCC_WARN_UNDECLARED_SELECTOR = YES;
				GCC_WARN_UNINITIALIZED_AUTOS = YES_AGGRESSIVE;
				GCC_WARN_UNUSED_FUNCTION = YES;
				GCC_WARN_UNUSED_VARIABLE = YES;
				IPHONEOS_DEPLOYMENT_TARGET = 17.2;
				LOCALIZATION_PREFERS_STRING_CATALOGS = YES;
				MTL_ENABLE_DEBUG_INFO = INCLUDE_SOURCE;
				MTL_FAST_MATH = YES;
				ONLY_ACTIVE_ARCH = YES;
				SDKROOT = iphoneos;
				SWIFT_ACTIVE_COMPILATION_CONDITIONS = "DEBUG $(inherited)";
				SWIFT_OPTIMIZATION_LEVEL = "-Onone";
			};
			name = Debug;
		};
		DEB2B4042B8B84350062B649 /* Release */ = {
			isa = XCBuildConfiguration;
			buildSettings = {
				ALWAYS_SEARCH_USER_PATHS = NO;
				ASSETCATALOG_COMPILER_GENERATE_SWIFT_ASSET_SYMBOL_EXTENSIONS = YES;
				CLANG_ANALYZER_NONNULL = YES;
				CLANG_ANALYZER_NUMBER_OBJECT_CONVERSION = YES_AGGRESSIVE;
				CLANG_CXX_LANGUAGE_STANDARD = "gnu++20";
				CLANG_ENABLE_MODULES = YES;
				CLANG_ENABLE_OBJC_ARC = YES;
				CLANG_ENABLE_OBJC_WEAK = YES;
				CLANG_WARN_BLOCK_CAPTURE_AUTORELEASING = YES;
				CLANG_WARN_BOOL_CONVERSION = YES;
				CLANG_WARN_COMMA = YES;
				CLANG_WARN_CONSTANT_CONVERSION = YES;
				CLANG_WARN_DEPRECATED_OBJC_IMPLEMENTATIONS = YES;
				CLANG_WARN_DIRECT_OBJC_ISA_USAGE = YES_ERROR;
				CLANG_WARN_DOCUMENTATION_COMMENTS = YES;
				CLANG_WARN_EMPTY_BODY = YES;
				CLANG_WARN_ENUM_CONVERSION = YES;
				CLANG_WARN_INFINITE_RECURSION = YES;
				CLANG_WARN_INT_CONVERSION = YES;
				CLANG_WARN_NON_LITERAL_NULL_CONVERSION = YES;
				CLANG_WARN_OBJC_IMPLICIT_RETAIN_SELF = YES;
				CLANG_WARN_OBJC_LITERAL_CONVERSION = YES;
				CLANG_WARN_OBJC_ROOT_CLASS = YES_ERROR;
				CLANG_WARN_QUOTED_INCLUDE_IN_FRAMEWORK_HEADER = YES;
				CLANG_WARN_RANGE_LOOP_ANALYSIS = YES;
				CLANG_WARN_STRICT_PROTOTYPES = YES;
				CLANG_WARN_SUSPICIOUS_MOVE = YES;
				CLANG_WARN_UNGUARDED_AVAILABILITY = YES_AGGRESSIVE;
				CLANG_WARN_UNREACHABLE_CODE = YES;
				CLANG_WARN__DUPLICATE_METHOD_MATCH = YES;
				COPY_PHASE_STRIP = NO;
				DEBUG_INFORMATION_FORMAT = "dwarf-with-dsym";
				ENABLE_NS_ASSERTIONS = NO;
				ENABLE_STRICT_OBJC_MSGSEND = YES;
				ENABLE_USER_SCRIPT_SANDBOXING = YES;
				GCC_C_LANGUAGE_STANDARD = gnu17;
				GCC_NO_COMMON_BLOCKS = YES;
				GCC_WARN_64_TO_32_BIT_CONVERSION = YES;
				GCC_WARN_ABOUT_RETURN_TYPE = YES_ERROR;
				GCC_WARN_UNDECLARED_SELECTOR = YES;
				GCC_WARN_UNINITIALIZED_AUTOS = YES_AGGRESSIVE;
				GCC_WARN_UNUSED_FUNCTION = YES;
				GCC_WARN_UNUSED_VARIABLE = YES;
				IPHONEOS_DEPLOYMENT_TARGET = 17.2;
				LOCALIZATION_PREFERS_STRING_CATALOGS = YES;
				MTL_ENABLE_DEBUG_INFO = NO;
				MTL_FAST_MATH = YES;
				SDKROOT = iphoneos;
				SWIFT_COMPILATION_MODE = wholemodule;
				VALIDATE_PRODUCT = YES;
			};
			name = Release;
		};
		DEB2B4062B8B84350062B649 /* Debug */ = {
			isa = XCBuildConfiguration;
			buildSettings = {
				ASSETCATALOG_COMPILER_APPICON_NAME = AppIcon;
				ASSETCATALOG_COMPILER_GLOBAL_ACCENT_COLOR_NAME = AccentColor;
				CODE_SIGN_STYLE = Automatic;
				CURRENT_PROJECT_VERSION = 1;
				DEVELOPMENT_ASSET_PATHS = "\"Who Wants to Be a Millionaire?/Preview Content\"";
				DEVELOPMENT_TEAM = "";
				ENABLE_PREVIEWS = YES;
				GENERATE_INFOPLIST_FILE = YES;
				INFOPLIST_KEY_UIApplicationSceneManifest_Generation = YES;
				INFOPLIST_KEY_UIApplicationSupportsIndirectInputEvents = YES;
				INFOPLIST_KEY_UILaunchScreen_Generation = YES;
				INFOPLIST_KEY_UISupportedInterfaceOrientations_iPad = "UIInterfaceOrientationPortrait UIInterfaceOrientationPortraitUpsideDown UIInterfaceOrientationLandscapeLeft UIInterfaceOrientationLandscapeRight";
				INFOPLIST_KEY_UISupportedInterfaceOrientations_iPhone = "UIInterfaceOrientationPortrait UIInterfaceOrientationLandscapeLeft UIInterfaceOrientationLandscapeRight";
				IPHONEOS_DEPLOYMENT_TARGET = 15.0;
				LD_RUNPATH_SEARCH_PATHS = (
					"$(inherited)",
					"@executable_path/Frameworks",
				);
				MARKETING_VERSION = 1.0;
				PRODUCT_BUNDLE_IDENTIFIER = "com.XL-PROJ.Who-Wants-to-Be-a-Millionaire-";
				PRODUCT_NAME = "$(TARGET_NAME)";
				SWIFT_EMIT_LOC_STRINGS = YES;
				SWIFT_VERSION = 5.0;
				TARGETED_DEVICE_FAMILY = "1,2";
			};
			name = Debug;
		};
		DEB2B4072B8B84350062B649 /* Release */ = {
			isa = XCBuildConfiguration;
			buildSettings = {
				ASSETCATALOG_COMPILER_APPICON_NAME = AppIcon;
				ASSETCATALOG_COMPILER_GLOBAL_ACCENT_COLOR_NAME = AccentColor;
				CODE_SIGN_STYLE = Automatic;
				CURRENT_PROJECT_VERSION = 1;
				DEVELOPMENT_ASSET_PATHS = "\"Who Wants to Be a Millionaire?/Preview Content\"";
				DEVELOPMENT_TEAM = "";
				ENABLE_PREVIEWS = YES;
				GENERATE_INFOPLIST_FILE = YES;
				INFOPLIST_KEY_UIApplicationSceneManifest_Generation = YES;
				INFOPLIST_KEY_UIApplicationSupportsIndirectInputEvents = YES;
				INFOPLIST_KEY_UILaunchScreen_Generation = YES;
				INFOPLIST_KEY_UISupportedInterfaceOrientations_iPad = "UIInterfaceOrientationPortrait UIInterfaceOrientationPortraitUpsideDown UIInterfaceOrientationLandscapeLeft UIInterfaceOrientationLandscapeRight";
				INFOPLIST_KEY_UISupportedInterfaceOrientations_iPhone = "UIInterfaceOrientationPortrait UIInterfaceOrientationLandscapeLeft UIInterfaceOrientationLandscapeRight";
				IPHONEOS_DEPLOYMENT_TARGET = 15.0;
				LD_RUNPATH_SEARCH_PATHS = (
					"$(inherited)",
					"@executable_path/Frameworks",
				);
				MARKETING_VERSION = 1.0;
				PRODUCT_BUNDLE_IDENTIFIER = "com.XL-PROJ.Who-Wants-to-Be-a-Millionaire-";
				PRODUCT_NAME = "$(TARGET_NAME)";
				SWIFT_EMIT_LOC_STRINGS = YES;
				SWIFT_VERSION = 5.0;
				TARGETED_DEVICE_FAMILY = "1,2";
			};
			name = Release;
		};
/* End XCBuildConfiguration section */

/* Begin XCConfigurationList section */
		DEB2B3F22B8B84320062B649 /* Build configuration list for PBXProject "Who Wants to Be a Millionaire?" */ = {
			isa = XCConfigurationList;
			buildConfigurations = (
				DEB2B4032B8B84350062B649 /* Debug */,
				DEB2B4042B8B84350062B649 /* Release */,
			);
			defaultConfigurationIsVisible = 0;
			defaultConfigurationName = Release;
		};
		DEB2B4052B8B84350062B649 /* Build configuration list for PBXNativeTarget "Who Wants to Be a Millionaire?" */ = {
			isa = XCConfigurationList;
			buildConfigurations = (
				DEB2B4062B8B84350062B649 /* Debug */,
				DEB2B4072B8B84350062B649 /* Release */,
			);
			defaultConfigurationIsVisible = 0;
			defaultConfigurationName = Release;
		};
/* End XCConfigurationList section */
	};
	rootObject = DEB2B3EF2B8B84320062B649 /* Project object */;
}
