// !$*UTF8*$!
{
	archiveVersion = 1;
	classes = {
	};
	objectVersion = 56;
	objects = {

/* Begin PBXBuildFile section */
		AC2AD4B72B8B932900BC2183 /* SoundPlayer.swift in Sources */ = {isa = PBXBuildFile; fileRef = AC2AD4B62B8B932900BC2183 /* SoundPlayer.swift */; };
		AC2AD4BD2B8B96E100BC2183 /* win.mp3 in Resources */ = {isa = PBXBuildFile; fileRef = AC2AD4B82B8B96E100BC2183 /* win.mp3 */; };
		AC2AD4BE2B8B96E100BC2183 /* lose.mp3 in Resources */ = {isa = PBXBuildFile; fileRef = AC2AD4B92B8B96E100BC2183 /* lose.mp3 */; };
		AC2AD4BF2B8B96E100BC2183 /* intrigue.mp3 in Resources */ = {isa = PBXBuildFile; fileRef = AC2AD4BA2B8B96E100BC2183 /* intrigue.mp3 */; };
		AC2AD4C02B8B96E100BC2183 /* millionwin.mp3 in Resources */ = {isa = PBXBuildFile; fileRef = AC2AD4BB2B8B96E100BC2183 /* millionwin.mp3 */; };
		AC2AD4C12B8B96E100BC2183 /* thinking.mp3 in Resources */ = {isa = PBXBuildFile; fileRef = AC2AD4BC2B8B96E100BC2183 /* thinking.mp3 */; };
		DEB2B3FB2B8B84320062B649 /* Who_Wants_to_Be_a_Millionaire_App.swift in Sources */ = {isa = PBXBuildFile; fileRef = DEB2B3FA2B8B84320062B649 /* Who_Wants_to_Be_a_Millionaire_App.swift */; };
		DEB2B3FD2B8B84320062B649 /* ContentView.swift in Sources */ = {isa = PBXBuildFile; fileRef = DEB2B3FC2B8B84320062B649 /* ContentView.swift */; };
		DEB2B3FF2B8B84350062B649 /* Assets.xcassets in Resources */ = {isa = PBXBuildFile; fileRef = DEB2B3FE2B8B84350062B649 /* Assets.xcassets */; };
		DEB2B4022B8B84350062B649 /* Preview Assets.xcassets in Resources */ = {isa = PBXBuildFile; fileRef = DEB2B4012B8B84350062B649 /* Preview Assets.xcassets */; };
/* End PBXBuildFile section */

/* Begin PBXFileReference section */
		AC2AD4B62B8B932900BC2183 /* SoundPlayer.swift */ = {isa = PBXFileReference; lastKnownFileType = sourcecode.swift; path = SoundPlayer.swift; sourceTree = "<group>"; };
		AC2AD4B82B8B96E100BC2183 /* win.mp3 */ = {isa = PBXFileReference; lastKnownFileType = audio.mp3; path = win.mp3; sourceTree = "<group>"; };
		AC2AD4B92B8B96E100BC2183 /* lose.mp3 */ = {isa = PBXFileReference; lastKnownFileType = audio.mp3; path = lose.mp3; sourceTree = "<group>"; };
		AC2AD4BA2B8B96E100BC2183 /* intrigue.mp3 */ = {isa = PBXFileReference; lastKnownFileType = audio.mp3; path = intrigue.mp3; sourceTree = "<group>"; };
		AC2AD4BB2B8B96E100BC2183 /* millionwin.mp3 */ = {isa = PBXFileReference; lastKnownFileType = audio.mp3; path = millionwin.mp3; sourceTree = "<group>"; };
		AC2AD4BC2B8B96E100BC2183 /* thinking.mp3 */ = {isa = PBXFileReference; lastKnownFileType = audio.mp3; path = thinking.mp3; sourceTree = "<group>"; };
		DEB2B3F72B8B84320062B649 /* Who Wants to Be a Millionaire?.app */ = {isa = PBXFileReference; explicitFileType = wrapper.application; includeInIndex = 0; path = "Who Wants to Be a Millionaire?.app"; sourceTree = BUILT_PRODUCTS_DIR; };
		DEB2B3FA2B8B84320062B649 /* Who_Wants_to_Be_a_Millionaire_App.swift */ = {isa = PBXFileReference; lastKnownFileType = sourcecode.swift; path = Who_Wants_to_Be_a_Millionaire_App.swift; sourceTree = "<group>"; };
		DEB2B3FC2B8B84320062B649 /* ContentView.swift */ = {isa = PBXFileReference; lastKnownFileType = sourcecode.swift; path = ContentView.swift; sourceTree = "<group>"; };
		DEB2B3FE2B8B84350062B649 /* Assets.xcassets */ = {isa = PBXFileReference; lastKnownFileType = folder.assetcatalog; path = Assets.xcassets; sourceTree = "<group>"; };
		DEB2B4012B8B84350062B649 /* Preview Assets.xcassets */ = {isa = PBXFileReference; lastKnownFileType = folder.assetcatalog; path = "Preview Assets.xcassets"; sourceTree = "<group>"; };
/* End PBXFileReference section */

/* Begin PBXFrameworksBuildPhase section */
		DEB2B3F42B8B84320062B649 /* Frameworks */ = {
			isa = PBXFrameworksBuildPhase;
			buildActionMask = 2147483647;
			files = (
			);
			runOnlyForDeploymentPostprocessing = 0;
		};
/* End PBXFrameworksBuildPhase section */

/* Begin PBXGroup section */
		AC2AD4B42B8B930000BC2183 /* Resources */ = {
			isa = PBXGroup;
			children = (
				AC2AD4B52B8B931600BC2183 /* Sounds */,
			);
			path = Resources;
			sourceTree = "<group>";
		};
		AC2AD4B52B8B931600BC2183 /* Sounds */ = {
			isa = PBXGroup;
			children = (
				AC2AD4B62B8B932900BC2183 /* SoundPlayer.swift */,
				AC2AD4BA2B8B96E100BC2183 /* intrigue.mp3 */,
				AC2AD4B92B8B96E100BC2183 /* lose.mp3 */,
				AC2AD4BB2B8B96E100BC2183 /* millionwin.mp3 */,
				AC2AD4BC2B8B96E100BC2183 /* thinking.mp3 */,
				AC2AD4B82B8B96E100BC2183 /* win.mp3 */,
			);
			path = Sounds;
			sourceTree = "<group>";
		};
		DEB2B3EE2B8B84320062B649 = {
			isa = PBXGroup;
			children = (
				DEB2B3F92B8B84320062B649 /* Who Wants to Be a Millionaire? */,
				DEB2B3F82B8B84320062B649 /* Products */,
			);
			sourceTree = "<group>";
		};
		DEB2B3F82B8B84320062B649 /* Products */ = {
			isa = PBXGroup;
			children = (
				DEB2B3F72B8B84320062B649 /* Who Wants to Be a Millionaire?.app */,
			);
			name = Products;
			sourceTree = "<group>";
		};
		DEB2B3F92B8B84320062B649 /* Who Wants to Be a Millionaire? */ = {
			isa = PBXGroup;
			children = (
				DEB2B3FA2B8B84320062B649 /* Who_Wants_to_Be_a_Millionaire_App.swift */,
				DEB2B3FC2B8B84320062B649 /* ContentView.swift */,
				AC2AD4B42B8B930000BC2183 /* Resources */,
				DEB2B3FE2B8B84350062B649 /* Assets.xcassets */,
				DEB2B4002B8B84350062B649 /* Preview Content */,
			);
			path = "Who Wants to Be a Millionaire?";
			sourceTree = "<group>";
		};
		DEB2B4002B8B84350062B649 /* Preview Content */ = {
			isa = PBXGroup;
			children = (
				DEB2B4012B8B84350062B649 /* Preview Assets.xcassets */,
			);
			path = "Preview Content";
			sourceTree = "<group>";
		};
/* End PBXGroup section */

/* Begin PBXNativeTarget section */
		DEB2B3F62B8B84320062B649 /* Who Wants to Be a Millionaire? */ = {
			isa = PBXNativeTarget;
			buildConfigurationList = DEB2B4052B8B84350062B649 /* Build configuration list for PBXNativeTarget "Who Wants to Be a Millionaire?" */;
			buildPhases = (
				DEB2B3F32B8B84320062B649 /* Sources */,
				DEB2B3F42B8B84320062B649 /* Frameworks */,
				DEB2B3F52B8B84320062B649 /* Resources */,
			);
			buildRules = (
			);
			dependencies = (
			);
			name = "Who Wants to Be a Millionaire?";
			productName = "Who Wants to Be a Millionaire?";
			productReference = DEB2B3F72B8B84320062B649 /* Who Wants to Be a Millionaire?.app */;
			productType = "com.apple.product-type.application";
		};
/* End PBXNativeTarget section */

/* Begin PBXProject section */
		DEB2B3EF2B8B84320062B649 /* Project object */ = {
			isa = PBXProject;
			attributes = {
				BuildIndependentTargetsInParallel = 1;
				LastSwiftUpdateCheck = 1520;
				LastUpgradeCheck = 1520;
				TargetAttributes = {
					DEB2B3F62B8B84320062B649 = {
						CreatedOnToolsVersion = 15.2;
					};
				};
			};
			buildConfigurationList = DEB2B3F22B8B84320062B649 /* Build configuration list for PBXProject "Who Wants to Be a Millionaire?" */;
			compatibilityVersion = "Xcode 14.0";
			developmentRegion = en;
			hasScannedForEncodings = 0;
			knownRegions = (
				en,
				Base,
			);
			mainGroup = DEB2B3EE2B8B84320062B649;
			productRefGroup = DEB2B3F82B8B84320062B649 /* Products */;
			projectDirPath = "";
			projectRoot = "";
			targets = (
				DEB2B3F62B8B84320062B649 /* Who Wants to Be a Millionaire? */,
			);
		};
/* End PBXProject section */

/* Begin PBXResourcesBuildPhase section */
		DEB2B3F52B8B84320062B649 /* Resources */ = {
			isa = PBXResourcesBuildPhase;
			buildActionMask = 2147483647;
			files = (
				AC2AD4BD2B8B96E100BC2183 /* win.mp3 in Resources */,
				AC2AD4BE2B8B96E100BC2183 /* lose.mp3 in Resources */,
				DEB2B4022B8B84350062B649 /* Preview Assets.xcassets in Resources */,
				DEB2B3FF2B8B84350062B649 /* Assets.xcassets in Resources */,
				AC2AD4C12B8B96E100BC2183 /* thinking.mp3 in Resources */,
				AC2AD4BF2B8B96E100BC2183 /* intrigue.mp3 in Resources */,
				AC2AD4C02B8B96E100BC2183 /* millionwin.mp3 in Resources */,
			);
			runOnlyForDeploymentPostprocessing = 0;
		};
/* End PBXResourcesBuildPhase section */

/* Begin PBXSourcesBuildPhase section */
		DEB2B3F32B8B84320062B649 /* Sources */ = {
			isa = PBXSourcesBuildPhase;
			buildActionMask = 2147483647;
			files = (
				DEB2B3FD2B8B84320062B649 /* ContentView.swift in Sources */,
				AC2AD4B72B8B932900BC2183 /* SoundPlayer.swift in Sources */,
				DEB2B3FB2B8B84320062B649 /* Who_Wants_to_Be_a_Millionaire_App.swift in Sources */,
			);
			runOnlyForDeploymentPostprocessing = 0;
		};
/* End PBXSourcesBuildPhase section */

/* Begin XCBuildConfiguration section */
		DEB2B4032B8B84350062B649 /* Debug */ = {
			isa = XCBuildConfiguration;
			buildSettings = {
				ALWAYS_SEARCH_USER_PATHS = NO;
				ASSETCATALOG_COMPILER_GENERATE_SWIFT_ASSET_SYMBOL_EXTENSIONS = YES;
				CLANG_ANALYZER_NONNULL = YES;
				CLANG_ANALYZER_NUMBER_OBJECT_CONVERSION = YES_AGGRESSIVE;
				CLANG_CXX_LANGUAGE_STANDARD = "gnu++20";
				CLANG_ENABLE_MODULES = YES;
				CLANG_ENABLE_OBJC_ARC = YES;
				CLANG_ENABLE_OBJC_WEAK = YES;
				CLANG_WARN_BLOCK_CAPTURE_AUTORELEASING = YES;
				CLANG_WARN_BOOL_CONVERSION = YES;
				CLANG_WARN_COMMA = YES;
				CLANG_WARN_CONSTANT_CONVERSION = YES;
				CLANG_WARN_DEPRECATED_OBJC_IMPLEMENTATIONS = YES;
				CLANG_WARN_DIRECT_OBJC_ISA_USAGE = YES_ERROR;
				CLANG_WARN_DOCUMENTATION_COMMENTS = YES;
				CLANG_WARN_EMPTY_BODY = YES;
				CLANG_WARN_ENUM_CONVERSION = YES;
				CLANG_WARN_INFINITE_RECURSION = YES;
				CLANG_WARN_INT_CONVERSION = YES;
				CLANG_WARN_NON_LITERAL_NULL_CONVERSION = YES;
				CLANG_WARN_OBJC_IMPLICIT_RETAIN_SELF = YES;
				CLANG_WARN_OBJC_LITERAL_CONVERSION = YES;
				CLANG_WARN_OBJC_ROOT_CLASS = YES_ERROR;
				CLANG_WARN_QUOTED_INCLUDE_IN_FRAMEWORK_HEADER = YES;
				CLANG_WARN_RANGE_LOOP_ANALYSIS = YES;
				CLANG_WARN_STRICT_PROTOTYPES = YES;
				CLANG_WARN_SUSPICIOUS_MOVE = YES;
				CLANG_WARN_UNGUARDED_AVAILABILITY = YES_AGGRESSIVE;
				CLANG_WARN_UNREACHABLE_CODE = YES;
				CLANG_WARN__DUPLICATE_METHOD_MATCH = YES;
				COPY_PHASE_STRIP = NO;
				DEBUG_INFORMATION_FORMAT = dwarf;
				ENABLE_STRICT_OBJC_MSGSEND = YES;
				ENABLE_TESTABILITY = YES;
				ENABLE_USER_SCRIPT_SANDBOXING = YES;
				GCC_C_LANGUAGE_STANDARD = gnu17;
				GCC_DYNAMIC_NO_PIC = NO;
				GCC_NO_COMMON_BLOCKS = YES;
				GCC_OPTIMIZATION_LEVEL = 0;
				GCC_PREPROCESSOR_DEFINITIONS = (
					"DEBUG=1",
					"$(inherited)",
				);
				GCC_WARN_64_TO_32_BIT_CONVERSION = YES;
				GCC_WARN_ABOUT_RETURN_TYPE = YES_ERROR;
				GCC_WARN_UNDECLARED_SELECTOR = YES;
				GCC_WARN_UNINITIALIZED_AUTOS = YES_AGGRESSIVE;
				GCC_WARN_UNUSED_FUNCTION = YES;
				GCC_WARN_UNUSED_VARIABLE = YES;
				IPHONEOS_DEPLOYMENT_TARGET = 17.2;
				LOCALIZATION_PREFERS_STRING_CATALOGS = YES;
				MTL_ENABLE_DEBUG_INFO = INCLUDE_SOURCE;
				MTL_FAST_MATH = YES;
				ONLY_ACTIVE_ARCH = YES;
				SDKROOT = iphoneos;
				SWIFT_ACTIVE_COMPILATION_CONDITIONS = "DEBUG $(inherited)";
				SWIFT_OPTIMIZATION_LEVEL = "-Onone";
			};
			name = Debug;
		};
		DEB2B4042B8B84350062B649 /* Release */ = {
			isa = XCBuildConfiguration;
			buildSettings = {
				ALWAYS_SEARCH_USER_PATHS = NO;
				ASSETCATALOG_COMPILER_GENERATE_SWIFT_ASSET_SYMBOL_EXTENSIONS = YES;
				CLANG_ANALYZER_NONNULL = YES;
				CLANG_ANALYZER_NUMBER_OBJECT_CONVERSION = YES_AGGRESSIVE;
				CLANG_CXX_LANGUAGE_STANDARD = "gnu++20";
				CLANG_ENABLE_MODULES = YES;
				CLANG_ENABLE_OBJC_ARC = YES;
				CLANG_ENABLE_OBJC_WEAK = YES;
				CLANG_WARN_BLOCK_CAPTURE_AUTORELEASING = YES;
				CLANG_WARN_BOOL_CONVERSION = YES;
				CLANG_WARN_COMMA = YES;
				CLANG_WARN_CONSTANT_CONVERSION = YES;
				CLANG_WARN_DEPRECATED_OBJC_IMPLEMENTATIONS = YES;
				CLANG_WARN_DIRECT_OBJC_ISA_USAGE = YES_ERROR;
				CLANG_WARN_DOCUMENTATION_COMMENTS = YES;
				CLANG_WARN_EMPTY_BODY = YES;
				CLANG_WARN_ENUM_CONVERSION = YES;
				CLANG_WARN_INFINITE_RECURSION = YES;
				CLANG_WARN_INT_CONVERSION = YES;
				CLANG_WARN_NON_LITERAL_NULL_CONVERSION = YES;
				CLANG_WARN_OBJC_IMPLICIT_RETAIN_SELF = YES;
				CLANG_WARN_OBJC_LITERAL_CONVERSION = YES;
				CLANG_WARN_OBJC_ROOT_CLASS = YES_ERROR;
				CLANG_WARN_QUOTED_INCLUDE_IN_FRAMEWORK_HEADER = YES;
				CLANG_WARN_RANGE_LOOP_ANALYSIS = YES;
				CLANG_WARN_STRICT_PROTOTYPES = YES;
				CLANG_WARN_SUSPICIOUS_MOVE = YES;
				CLANG_WARN_UNGUARDED_AVAILABILITY = YES_AGGRESSIVE;
				CLANG_WARN_UNREACHABLE_CODE = YES;
				CLANG_WARN__DUPLICATE_METHOD_MATCH = YES;
				COPY_PHASE_STRIP = NO;
				DEBUG_INFORMATION_FORMAT = "dwarf-with-dsym";
				ENABLE_NS_ASSERTIONS = NO;
				ENABLE_STRICT_OBJC_MSGSEND = YES;
				ENABLE_USER_SCRIPT_SANDBOXING = YES;
				GCC_C_LANGUAGE_STANDARD = gnu17;
				GCC_NO_COMMON_BLOCKS = YES;
				GCC_WARN_64_TO_32_BIT_CONVERSION = YES;
				GCC_WARN_ABOUT_RETURN_TYPE = YES_ERROR;
				GCC_WARN_UNDECLARED_SELECTOR = YES;
				GCC_WARN_UNINITIALIZED_AUTOS = YES_AGGRESSIVE;
				GCC_WARN_UNUSED_FUNCTION = YES;
				GCC_WARN_UNUSED_VARIABLE = YES;
				IPHONEOS_DEPLOYMENT_TARGET = 17.2;
				LOCALIZATION_PREFERS_STRING_CATALOGS = YES;
				MTL_ENABLE_DEBUG_INFO = NO;
				MTL_FAST_MATH = YES;
				SDKROOT = iphoneos;
				SWIFT_COMPILATION_MODE = wholemodule;
				VALIDATE_PRODUCT = YES;
			};
			name = Release;
		};
		DEB2B4062B8B84350062B649 /* Debug */ = {
			isa = XCBuildConfiguration;
			buildSettings = {
				ASSETCATALOG_COMPILER_APPICON_NAME = AppIcon;
				ASSETCATALOG_COMPILER_GLOBAL_ACCENT_COLOR_NAME = AccentColor;
				CODE_SIGN_STYLE = Automatic;
				CURRENT_PROJECT_VERSION = 1;
				DEVELOPMENT_ASSET_PATHS = "\"Who Wants to Be a Millionaire?/Preview Content\"";
				DEVELOPMENT_TEAM = 59A3B26389;
				ENABLE_PREVIEWS = YES;
				GENERATE_INFOPLIST_FILE = YES;
				INFOPLIST_KEY_UIApplicationSceneManifest_Generation = YES;
				INFOPLIST_KEY_UIApplicationSupportsIndirectInputEvents = YES;
				INFOPLIST_KEY_UILaunchScreen_Generation = YES;
				INFOPLIST_KEY_UISupportedInterfaceOrientations_iPad = "UIInterfaceOrientationPortrait UIInterfaceOrientationPortraitUpsideDown UIInterfaceOrientationLandscapeLeft UIInterfaceOrientationLandscapeRight";
				INFOPLIST_KEY_UISupportedInterfaceOrientations_iPhone = "UIInterfaceOrientationPortrait UIInterfaceOrientationLandscapeLeft UIInterfaceOrientationLandscapeRight";
				IPHONEOS_DEPLOYMENT_TARGET = 15.0;
				LD_RUNPATH_SEARCH_PATHS = (
					"$(inherited)",
					"@executable_path/Frameworks",
				);
				MARKETING_VERSION = 1.0;
				PRODUCT_BUNDLE_IDENTIFIER = "com.XL-PROJ.Who-Wants-to-Be-a-Millionaire-";
				PRODUCT_NAME = "$(TARGET_NAME)";
				SWIFT_EMIT_LOC_STRINGS = YES;
				SWIFT_VERSION = 5.0;
				TARGETED_DEVICE_FAMILY = "1,2";
			};
			name = Debug;
		};
		DEB2B4072B8B84350062B649 /* Release */ = {
			isa = XCBuildConfiguration;
			buildSettings = {
				ASSETCATALOG_COMPILER_APPICON_NAME = AppIcon;
				ASSETCATALOG_COMPILER_GLOBAL_ACCENT_COLOR_NAME = AccentColor;
				CODE_SIGN_STYLE = Automatic;
				CURRENT_PROJECT_VERSION = 1;
				DEVELOPMENT_ASSET_PATHS = "\"Who Wants to Be a Millionaire?/Preview Content\"";
				DEVELOPMENT_TEAM = 59A3B26389;
				ENABLE_PREVIEWS = YES;
				GENERATE_INFOPLIST_FILE = YES;
				INFOPLIST_KEY_UIApplicationSceneManifest_Generation = YES;
				INFOPLIST_KEY_UIApplicationSupportsIndirectInputEvents = YES;
				INFOPLIST_KEY_UILaunchScreen_Generation = YES;
				INFOPLIST_KEY_UISupportedInterfaceOrientations_iPad = "UIInterfaceOrientationPortrait UIInterfaceOrientationPortraitUpsideDown UIInterfaceOrientationLandscapeLeft UIInterfaceOrientationLandscapeRight";
				INFOPLIST_KEY_UISupportedInterfaceOrientations_iPhone = "UIInterfaceOrientationPortrait UIInterfaceOrientationLandscapeLeft UIInterfaceOrientationLandscapeRight";
				IPHONEOS_DEPLOYMENT_TARGET = 15.0;
				LD_RUNPATH_SEARCH_PATHS = (
					"$(inherited)",
					"@executable_path/Frameworks",
				);
				MARKETING_VERSION = 1.0;
				PRODUCT_BUNDLE_IDENTIFIER = "com.XL-PROJ.Who-Wants-to-Be-a-Millionaire-";
				PRODUCT_NAME = "$(TARGET_NAME)";
				SWIFT_EMIT_LOC_STRINGS = YES;
				SWIFT_VERSION = 5.0;
				TARGETED_DEVICE_FAMILY = "1,2";
			};
			name = Release;
		};
/* End XCBuildConfiguration section */

/* Begin XCConfigurationList section */
		DEB2B3F22B8B84320062B649 /* Build configuration list for PBXProject "Who Wants to Be a Millionaire?" */ = {
			isa = XCConfigurationList;
			buildConfigurations = (
				DEB2B4032B8B84350062B649 /* Debug */,
				DEB2B4042B8B84350062B649 /* Release */,
			);
			defaultConfigurationIsVisible = 0;
			defaultConfigurationName = Release;
		};
		DEB2B4052B8B84350062B649 /* Build configuration list for PBXNativeTarget "Who Wants to Be a Millionaire?" */ = {
			isa = XCConfigurationList;
			buildConfigurations = (
				DEB2B4062B8B84350062B649 /* Debug */,
				DEB2B4072B8B84350062B649 /* Release */,
			);
			defaultConfigurationIsVisible = 0;
			defaultConfigurationName = Release;
		};
/* End XCConfigurationList section */
	};
	rootObject = DEB2B3EF2B8B84320062B649 /* Project object */;
}
